
Microsoft Visual Studio Solution File, Format Version 12.00
# Visual Studio Version 17
VisualStudioVersion = 17.5.002.0
MinimumVisualStudioVersion = 10.0.40219.1
Project("{9A19103F-16F7-4668-BE54-9A1E7A4F7556}") = "CsharpCVSBench", "CsharpCVSBench.csproj", "{0BE6AD81-5F79-4DA3-9797-AECCFF0B9A7D}"
EndProject
Global
	GlobalSection(SolutionConfigurationPlatforms) = preSolution
		Debug|Any CPU = Debug|Any CPU
		Release|Any CPU = Release|Any CPU
	EndGlobalSection
	GlobalSection(ProjectConfigurationPlatforms) = postSolution
		{0BE6AD81-5F79-4DA3-9797-AECCFF0B9A7D}.Debug|Any CPU.ActiveCfg = Debug|Any CPU
		{0BE6AD81-5F79-4DA3-9797-AECCFF0B9A7D}.Debug|Any CPU.Build.0 = Debug|Any CPU
		{0BE6AD81-5F79-4DA3-9797-AECCFF0B9A7D}.Release|Any CPU.ActiveCfg = Release|Any CPU
		{0BE6AD81-5F79-4DA3-9797-AECCFF0B9A7D}.Release|Any CPU.Build.0 = Release|Any CPU
	EndGlobalSection
	GlobalSection(SolutionProperties) = preSolution
		HideSolutionNode = FALSE
	EndGlobalSection
	GlobalSection(ExtensibilityGlobals) = postSolution
		SolutionGuid = {425D518F-DA40-46AD-BDFC-B1D2E625F369}
	EndGlobalSection
EndGlobal
